Microsoft Visual Studio Solution File, Format Version 12.00
# Visual Studio Version 17
VisualStudioVersion = 17.5.2.0
MinimumVisualStudioVersion = 10.0.40219.1
Project("{FAE04EC0-301F-11D3-BF4B-00C04F79EFBC}") = "SchoolMedicalAPI", "SchoolMedicalAPI\SchoolMedicalAPI.csproj", "{772F9452-81CB-0109-3C43-0A97D15E7196}"
EndProject
Global
	GlobalSection(SolutionConfigurationPlatforms) = preSolution
		Debug|Any CPU = Debug|Any CPU
		Release|Any CPU = Release|Any CPU
	EndGlobalSection
	GlobalSection(ProjectConfigurationPlatforms) = postSolution
		{772F9452-81CB-0109-3C43-0A97D15E7196}.Debug|Any CPU.ActiveCfg = Debug|Any CPU
		{772F9452-81CB-0109-3C43-0A97D15E7196}.Debug|Any CPU.Build.0 = Debug|Any CPU
		{772F9452-81CB-0109-3C43-0A97D15E7196}.Release|Any CPU.ActiveCfg = Release|Any CPU
		{772F9452-81CB-0109-3C43-0A97D15E7196}.Release|Any CPU.Build.0 = Release|Any CPU
	EndGlobalSection
	GlobalSection(SolutionProperties) = preSolution
		HideSolutionNode = FALSE
	EndGlobalSection
	GlobalSection(ExtensibilityGlobals) = postSolution
		SolutionGuid = {5D499928-E441-496B-9E5B-F96BAA479C29}
	EndGlobalSection
EndGlobal
